
Microsoft Visual Studio Solution File, Format Version 12.00
# Visual Studio Version 17
VisualStudioVersion = 17.2.32630.192
MinimumVisualStudioVersion = 10.0.40219.1
Project("{2150E333-8FDC-42A3-9474-1A3956D46DE8}") = "src", "src", "{9DBBFA2D-6F14-4A09-8DEE-1903A343152C}"
EndProject
Project("{2150E333-8FDC-42A3-9474-1A3956D46DE8}") = "API", "API", "{24CAB240-7174-4119-92E0-51AA0F900A82}"
EndProject
Project("{2150E333-8FDC-42A3-9474-1A3956D46DE8}") = "Core", "Core", "{CB9BA850-656D-4E66-821F-50635D445D6B}"
EndProject
Project("{2150E333-8FDC-42A3-9474-1A3956D46DE8}") = "Infrastructure", "Infrastructure", "{13744CC4-F79D-47C5-A274-42E06240CCE5}"
EndProject
Project("{2150E333-8FDC-42A3-9474-1A3956D46DE8}") = "test", "test", "{0F7BDB11-0863-4BB5-A769-B8B11BFA66E9}"
EndProject
Project("{9A19103F-16F7-4668-BE54-9A1E7A4F7556}") = "CA.Domain", "src\Core\CA.Domain\CA.Domain.csproj", "{CC390410-F0EA-4B46-9FCA-D1D30A03FE81}"
EndProject
Project("{9A19103F-16F7-4668-BE54-9A1E7A4F7556}") = "CA.Application", "src\Core\CA.Application\CA.Application.csproj", "{DB5C13DC-A98C-486C-B53D-7AEC787A6369}"
EndProject
Project("{9A19103F-16F7-4668-BE54-9A1E7A4F7556}") = "CA.Infrastructure", "src\Infrastructure\CA.Infrastructure\CA.Infrastructure.csproj", "{A3D71642-4D26-4377-8A94-0480C1EA110B}"
EndProject
Project("{9A19103F-16F7-4668-BE54-9A1E7A4F7556}") = "CA.Api", "src\API\CA.Api\CA.Api.csproj", "{AE440825-E80F-48CB-B704-1B1DB982CBE7}"
EndProject
Project("{9A19103F-16F7-4668-BE54-9A1E7A4F7556}") = "SharedDatabaseSetup", "test\SharedDatabaseSetup\SharedDatabaseSetup.csproj", "{80ECE10C-35DA-4CFB-99FB-E9FC57C25B65}"
EndProject
Project("{9A19103F-16F7-4668-BE54-9A1E7A4F7556}") = "FunctionalTests", "test\FunctionalTests\FunctionalTests.csproj", "{210494D0-8D1B-4FA9-83C9-64D39DFAD4D8}"
EndProject
Project("{9A19103F-16F7-4668-BE54-9A1E7A4F7556}") = "IntegrationTests", "test\IntegrationTests\IntegrationTests.csproj", "{3F186769-3E54-47CE-8676-715EFF3BADE5}"
EndProject
Project("{9A19103F-16F7-4668-BE54-9A1E7A4F7556}") = "UnitTest", "test\UnitTest\UnitTest.csproj", "{8BFF69CD-4D24-4E42-A0E5-A36100236DB2}"
EndProject
Project("{9A19103F-16F7-4668-BE54-9A1E7A4F7556}") = "CA.Identity", "src\Infrastructure\CA.Identity\CA.Identity.csproj", "{0B857CA5-C2CB-470B-B2D9-4A3A09445461}"
EndProject
Project("{E53339B2-1760-4266-BCC7-CA923CBCF16C}") = "docker-compose", "docker-compose.dcproj", "{615D06CE-66F4-423F-A5CB-773697906DE7}"
EndProject
Global
	GlobalSection(SolutionConfigurationPlatforms) = preSolution
		Debug|Any CPU = Debug|Any CPU
		Release|Any CPU = Release|Any CPU
	EndGlobalSection
	GlobalSection(ProjectConfigurationPlatforms) = postSolution
		{CC390410-F0EA-4B46-9FCA-D1D30A03FE81}.Debug|Any CPU.ActiveCfg = Debug|Any CPU
		{CC390410-F0EA-4B46-9FCA-D1D30A03FE81}.Debug|Any CPU.Build.0 = Debug|Any CPU
		{CC390410-F0EA-4B46-9FCA-D1D30A03FE81}.Release|Any CPU.ActiveCfg = Release|Any CPU
		{CC390410-F0EA-4B46-9FCA-D1D30A03FE81}.Release|Any CPU.Build.0 = Release|Any CPU
		{DB5C13DC-A98C-486C-B53D-7AEC787A6369}.Debug|Any CPU.ActiveCfg = Debug|Any CPU
		{DB5C13DC-A98C-486C-B53D-7AEC787A6369}.Debug|Any CPU.Build.0 = Debug|Any CPU
		{DB5C13DC-A98C-486C-B53D-7AEC787A6369}.Release|Any CPU.ActiveCfg = Release|Any CPU
		{DB5C13DC-A98C-486C-B53D-7AEC787A6369}.Release|Any CPU.Build.0 = Release|Any CPU
		{A3D71642-4D26-4377-8A94-0480C1EA110B}.Debug|Any CPU.ActiveCfg = Debug|Any CPU
		{A3D71642-4D26-4377-8A94-0480C1EA110B}.Debug|Any CPU.Build.0 = Debug|Any CPU
		{A3D71642-4D26-4377-8A94-0480C1EA110B}.Release|Any CPU.ActiveCfg = Release|Any CPU
		{A3D71642-4D26-4377-8A94-0480C1EA110B}.Release|Any CPU.Build.0 = Release|Any CPU
		{AE440825-E80F-48CB-B704-1B1DB982CBE7}.Debug|Any CPU.ActiveCfg = Debug|Any CPU
		{AE440825-E80F-48CB-B704-1B1DB982CBE7}.Debug|Any CPU.Build.0 = Debug|Any CPU
		{AE440825-E80F-48CB-B704-1B1DB982CBE7}.Release|Any CPU.ActiveCfg = Release|Any CPU
		{AE440825-E80F-48CB-B704-1B1DB982CBE7}.Release|Any CPU.Build.0 = Release|Any CPU
		{80ECE10C-35DA-4CFB-99FB-E9FC57C25B65}.Debug|Any CPU.ActiveCfg = Debug|Any CPU
		{80ECE10C-35DA-4CFB-99FB-E9FC57C25B65}.Debug|Any CPU.Build.0 = Debug|Any CPU
		{80ECE10C-35DA-4CFB-99FB-E9FC57C25B65}.Release|Any CPU.ActiveCfg = Release|Any CPU
		{80ECE10C-35DA-4CFB-99FB-E9FC57C25B65}.Release|Any CPU.Build.0 = Release|Any CPU
		{210494D0-8D1B-4FA9-83C9-64D39DFAD4D8}.Debug|Any CPU.ActiveCfg = Debug|Any CPU
		{210494D0-8D1B-4FA9-83C9-64D39DFAD4D8}.Debug|Any CPU.Build.0 = Debug|Any CPU
		{210494D0-8D1B-4FA9-83C9-64D39DFAD4D8}.Release|Any CPU.ActiveCfg = Release|Any CPU
		{210494D0-8D1B-4FA9-83C9-64D39DFAD4D8}.Release|Any CPU.Build.0 = Release|Any CPU
		{3F186769-3E54-47CE-8676-715EFF3BADE5}.Debug|Any CPU.ActiveCfg = Debug|Any CPU
		{3F186769-3E54-47CE-8676-715EFF3BADE5}.Debug|Any CPU.Build.0 = Debug|Any CPU
		{3F186769-3E54-47CE-8676-715EFF3BADE5}.Release|Any CPU.ActiveCfg = Release|Any CPU
		{3F186769-3E54-47CE-8676-715EFF3BADE5}.Release|Any CPU.Build.0 = Release|Any CPU
		{8BFF69CD-4D24-4E42-A0E5-A36100236DB2}.Debug|Any CPU.ActiveCfg = Debug|Any CPU
		{8BFF69CD-4D24-4E42-A0E5-A36100236DB2}.Debug|Any CPU.Build.0 = Debug|Any CPU
		{8BFF69CD-4D24-4E42-A0E5-A36100236DB2}.Release|Any CPU.ActiveCfg = Release|Any CPU
		{8BFF69CD-4D24-4E42-A0E5-A36100236DB2}.Release|Any CPU.Build.0 = Release|Any CPU
		{0B857CA5-C2CB-470B-B2D9-4A3A09445461}.Debug|Any CPU.ActiveCfg = Debug|Any CPU
		{0B857CA5-C2CB-470B-B2D9-4A3A09445461}.Debug|Any CPU.Build.0 = Debug|Any CPU
		{0B857CA5-C2CB-470B-B2D9-4A3A09445461}.Release|Any CPU.ActiveCfg = Release|Any CPU
		{0B857CA5-C2CB-470B-B2D9-4A3A09445461}.Release|Any CPU.Build.0 = Release|Any CPU
		{615D06CE-66F4-423F-A5CB-773697906DE7}.Debug|Any CPU.ActiveCfg = Debug|Any CPU
		{615D06CE-66F4-423F-A5CB-773697906DE7}.Debug|Any CPU.Build.0 = Debug|Any CPU
		{615D06CE-66F4-423F-A5CB-773697906DE7}.Release|Any CPU.ActiveCfg = Release|Any CPU
		{615D06CE-66F4-423F-A5CB-773697906DE7}.Release|Any CPU.Build.0 = Release|Any CPU
	EndGlobalSection
	GlobalSection(SolutionProperties) = preSolution
		HideSolutionNode = FALSE
	EndGlobalSection
	GlobalSection(NestedProjects) = preSolution
		{24CAB240-7174-4119-92E0-51AA0F900A82} = {9DBBFA2D-6F14-4A09-8DEE-1903A343152C}
		{CB9BA850-656D-4E66-821F-50635D445D6B} = {9DBBFA2D-6F14-4A09-8DEE-1903A343152C}
		{13744CC4-F79D-47C5-A274-42E06240CCE5} = {9DBBFA2D-6F14-4A09-8DEE-1903A343152C}
		{CC390410-F0EA-4B46-9FCA-D1D30A03FE81} = {CB9BA850-656D-4E66-821F-50635D445D6B}
		{DB5C13DC-A98C-486C-B53D-7AEC787A6369} = {CB9BA850-656D-4E66-821F-50635D445D6B}
		{A3D71642-4D26-4377-8A94-0480C1EA110B} = {13744CC4-F79D-47C5-A274-42E06240CCE5}
		{AE440825-E80F-48CB-B704-1B1DB982CBE7} = {24CAB240-7174-4119-92E0-51AA0F900A82}
		{80ECE10C-35DA-4CFB-99FB-E9FC57C25B65} = {0F7BDB11-0863-4BB5-A769-B8B11BFA66E9}
		{210494D0-8D1B-4FA9-83C9-64D39DFAD4D8} = {0F7BDB11-0863-4BB5-A769-B8B11BFA66E9}
		{3F186769-3E54-47CE-8676-715EFF3BADE5} = {0F7BDB11-0863-4BB5-A769-B8B11BFA66E9}
		{8BFF69CD-4D24-4E42-A0E5-A36100236DB2} = {0F7BDB11-0863-4BB5-A769-B8B11BFA66E9}
		{0B857CA5-C2CB-470B-B2D9-4A3A09445461} = {13744CC4-F79D-47C5-A274-42E06240CCE5}
	EndGlobalSection
	GlobalSection(ExtensibilityGlobals) = postSolution
		SolutionGuid = {D41E778F-3473-4B27-927E-1FE0B5718EC3}
	EndGlobalSection
EndGlobal
